
Microsoft Visual Studio Solution File, Format Version 12.00
# Visual Studio Version 16
VisualStudioVersion = 16.0.31410.357
MinimumVisualStudioVersion = 10.0.40219.1
Project("{2150E333-8FDC-42A3-9474-1A3956D46DE8}") = "src", "src", "{82371E8F-3DD5-4DFE-9E96-3EF527296C87}"
EndProject
Project("{2150E333-8FDC-42A3-9474-1A3956D46DE8}") = "Building Blocks", "Building Blocks", "{4B250C28-0A0F-4DA8-B304-E0E772C1F911}"
EndProject
Project("{2150E333-8FDC-42A3-9474-1A3956D46DE8}") = "Services", "Services", "{7FF0949D-6995-4D2B-AE5A-866A1123FAF6}"
EndProject
Project("{2150E333-8FDC-42A3-9474-1A3956D46DE8}") = "Web", "Web", "{2AC4EF1B-84FF-4CC0-94DA-0756DB269237}"
EndProject
Project("{2150E333-8FDC-42A3-9474-1A3956D46DE8}") = "Identidade", "Identidade", "{AE3BEC7D-BBA6-4C00-9091-FA1A95B4C6D2}"
EndProject
Project("{FAE04EC0-301F-11D3-BF4B-00C04F79EFBC}") = "NSE.Identidade.API", "src\services\NSE.Identidade.API\NSE.Identidade.API.csproj", "{58B67C95-52BF-49AD-B7E5-10578CD293A4}"
EndProject
Project("{2150E333-8FDC-42A3-9474-1A3956D46DE8}") = "MVC", "MVC", "{5DD9F1BC-D33E-40B6-B84F-9688FE5BCA7E}"
EndProject
Project("{FAE04EC0-301F-11D3-BF4B-00C04F79EFBC}") = "NSE.WebApp.MVC", "src\web\NSE.WebApp.MVC\NSE.WebApp.MVC.csproj", "{BA9C67D9-65D6-427D-9E7E-4735747776F4}"
EndProject
Project("{2150E333-8FDC-42A3-9474-1A3956D46DE8}") = "Core", "Core", "{ACBB82AE-B3E8-44D6-BF5E-53653F5A3A17}"
EndProject
Project("{FAE04EC0-301F-11D3-BF4B-00C04F79EFBC}") = "NSE.Core", "src\building blocks\NSE.Core\NSE.Core.csproj", "{CB48B71D-8445-4C1C-A3F5-E7E1F5F440B7}"
EndProject
Project("{2150E333-8FDC-42A3-9474-1A3956D46DE8}") = "Carrinho", "Carrinho", "{6C258EA4-1415-4534-848F-E4770E06EE66}"
EndProject
Project("{FAE04EC0-301F-11D3-BF4B-00C04F79EFBC}") = "NSE.Carrinho.API", "src\services\NSE.Carrinho.API\NSE.Carrinho.API.csproj", "{0E0C3643-9513-452A-BCA7-5DCD3D2FB72D}"
EndProject
Project("{2150E333-8FDC-42A3-9474-1A3956D46DE8}") = "Catalogo", "Catalogo", "{99D4A512-BEAD-4635-A024-5D91DADB5980}"
EndProject
Project("{FAE04EC0-301F-11D3-BF4B-00C04F79EFBC}") = "NSE.Catalogo.API", "src\services\NSE.Catalogo.API\NSE.Catalogo.API.csproj", "{14FD9637-6542-4C23-98D3-3A0B3FEE1162}"
EndProject
Project("{2150E333-8FDC-42A3-9474-1A3956D46DE8}") = "Cliente", "Cliente", "{8C8E63CD-4C69-4F96-9D4A-42E068DE994C}"
EndProject
Project("{FAE04EC0-301F-11D3-BF4B-00C04F79EFBC}") = "NSE.Cliente.API", "src\services\NSE.Cliente.API\NSE.Cliente.API.csproj", "{B47DFFE4-980B-4010-B11A-FB57BA55C12E}"
EndProject
Project("{2150E333-8FDC-42A3-9474-1A3956D46DE8}") = "Pagamento", "Pagamento", "{32E6DFDB-CE99-44A7-8B05-0AFD8DBD4A34}"
EndProject
Project("{FAE04EC0-301F-11D3-BF4B-00C04F79EFBC}") = "NSE.Pagamento.API", "src\services\NSE.Pagamento.API\NSE.Pagamento.API.csproj", "{DD6B4746-5609-404F-A388-727655F114B7}"
EndProject
Project("{2150E333-8FDC-42A3-9474-1A3956D46DE8}") = "Pedido", "Pedido", "{C7A7A034-50BC-4CB2-A280-ECCB0AA43CD1}"
EndProject
Project("{FAE04EC0-301F-11D3-BF4B-00C04F79EFBC}") = "NSE.Pedido.API", "src\services\NSE.Pedido.API\NSE.Pedido.API.csproj", "{1A2BF060-4B39-4F6B-BAB4-2499E72AA778}"
EndProject
Global
	GlobalSection(SolutionConfigurationPlatforms) = preSolution
		Debug|Any CPU = Debug|Any CPU
		Release|Any CPU = Release|Any CPU
	EndGlobalSection
	GlobalSection(ProjectConfigurationPlatforms) = postSolution
		{58B67C95-52BF-49AD-B7E5-10578CD293A4}.Debug|Any CPU.ActiveCfg = Debug|Any CPU
		{58B67C95-52BF-49AD-B7E5-10578CD293A4}.Debug|Any CPU.Build.0 = Debug|Any CPU
		{58B67C95-52BF-49AD-B7E5-10578CD293A4}.Release|Any CPU.ActiveCfg = Release|Any CPU
		{58B67C95-52BF-49AD-B7E5-10578CD293A4}.Release|Any CPU.Build.0 = Release|Any CPU
		{BA9C67D9-65D6-427D-9E7E-4735747776F4}.Debug|Any CPU.ActiveCfg = Debug|Any CPU
		{BA9C67D9-65D6-427D-9E7E-4735747776F4}.Debug|Any CPU.Build.0 = Debug|Any CPU
		{BA9C67D9-65D6-427D-9E7E-4735747776F4}.Release|Any CPU.ActiveCfg = Release|Any CPU
		{BA9C67D9-65D6-427D-9E7E-4735747776F4}.Release|Any CPU.Build.0 = Release|Any CPU
		{CB48B71D-8445-4C1C-A3F5-E7E1F5F440B7}.Debug|Any CPU.ActiveCfg = Debug|Any CPU
		{CB48B71D-8445-4C1C-A3F5-E7E1F5F440B7}.Debug|Any CPU.Build.0 = Debug|Any CPU
		{CB48B71D-8445-4C1C-A3F5-E7E1F5F440B7}.Release|Any CPU.ActiveCfg = Release|Any CPU
		{CB48B71D-8445-4C1C-A3F5-E7E1F5F440B7}.Release|Any CPU.Build.0 = Release|Any CPU
		{0E0C3643-9513-452A-BCA7-5DCD3D2FB72D}.Debug|Any CPU.ActiveCfg = Debug|Any CPU
		{0E0C3643-9513-452A-BCA7-5DCD3D2FB72D}.Debug|Any CPU.Build.0 = Debug|Any CPU
		{0E0C3643-9513-452A-BCA7-5DCD3D2FB72D}.Release|Any CPU.ActiveCfg = Release|Any CPU
		{0E0C3643-9513-452A-BCA7-5DCD3D2FB72D}.Release|Any CPU.Build.0 = Release|Any CPU
		{14FD9637-6542-4C23-98D3-3A0B3FEE1162}.Debug|Any CPU.ActiveCfg = Debug|Any CPU
		{14FD9637-6542-4C23-98D3-3A0B3FEE1162}.Debug|Any CPU.Build.0 = Debug|Any CPU
		{14FD9637-6542-4C23-98D3-3A0B3FEE1162}.Release|Any CPU.ActiveCfg = Release|Any CPU
		{14FD9637-6542-4C23-98D3-3A0B3FEE1162}.Release|Any CPU.Build.0 = Release|Any CPU
		{B47DFFE4-980B-4010-B11A-FB57BA55C12E}.Debug|Any CPU.ActiveCfg = Debug|Any CPU
		{B47DFFE4-980B-4010-B11A-FB57BA55C12E}.Debug|Any CPU.Build.0 = Debug|Any CPU
		{B47DFFE4-980B-4010-B11A-FB57BA55C12E}.Release|Any CPU.ActiveCfg = Release|Any CPU
		{B47DFFE4-980B-4010-B11A-FB57BA55C12E}.Release|Any CPU.Build.0 = Release|Any CPU
		{DD6B4746-5609-404F-A388-727655F114B7}.Debug|Any CPU.ActiveCfg = Debug|Any CPU
		{DD6B4746-5609-404F-A388-727655F114B7}.Debug|Any CPU.Build.0 = Debug|Any CPU
		{DD6B4746-5609-404F-A388-727655F114B7}.Release|Any CPU.ActiveCfg = Release|Any CPU
		{DD6B4746-5609-404F-A388-727655F114B7}.Release|Any CPU.Build.0 = Release|Any CPU
		{1A2BF060-4B39-4F6B-BAB4-2499E72AA778}.Debug|Any CPU.ActiveCfg = Debug|Any CPU
		{1A2BF060-4B39-4F6B-BAB4-2499E72AA778}.Debug|Any CPU.Build.0 = Debug|Any CPU
		{1A2BF060-4B39-4F6B-BAB4-2499E72AA778}.Release|Any CPU.ActiveCfg = Release|Any CPU
		{1A2BF060-4B39-4F6B-BAB4-2499E72AA778}.Release|Any CPU.Build.0 = Release|Any CPU
	EndGlobalSection
	GlobalSection(SolutionProperties) = preSolution
		HideSolutionNode = FALSE
	EndGlobalSection
	GlobalSection(NestedProjects) = preSolution
		{4B250C28-0A0F-4DA8-B304-E0E772C1F911} = {82371E8F-3DD5-4DFE-9E96-3EF527296C87}
		{7FF0949D-6995-4D2B-AE5A-866A1123FAF6} = {82371E8F-3DD5-4DFE-9E96-3EF527296C87}
		{2AC4EF1B-84FF-4CC0-94DA-0756DB269237} = {82371E8F-3DD5-4DFE-9E96-3EF527296C87}
		{AE3BEC7D-BBA6-4C00-9091-FA1A95B4C6D2} = {7FF0949D-6995-4D2B-AE5A-866A1123FAF6}
		{58B67C95-52BF-49AD-B7E5-10578CD293A4} = {AE3BEC7D-BBA6-4C00-9091-FA1A95B4C6D2}
		{5DD9F1BC-D33E-40B6-B84F-9688FE5BCA7E} = {2AC4EF1B-84FF-4CC0-94DA-0756DB269237}
		{BA9C67D9-65D6-427D-9E7E-4735747776F4} = {5DD9F1BC-D33E-40B6-B84F-9688FE5BCA7E}
		{ACBB82AE-B3E8-44D6-BF5E-53653F5A3A17} = {4B250C28-0A0F-4DA8-B304-E0E772C1F911}
		{CB48B71D-8445-4C1C-A3F5-E7E1F5F440B7} = {ACBB82AE-B3E8-44D6-BF5E-53653F5A3A17}
		{6C258EA4-1415-4534-848F-E4770E06EE66} = {7FF0949D-6995-4D2B-AE5A-866A1123FAF6}
		{0E0C3643-9513-452A-BCA7-5DCD3D2FB72D} = {6C258EA4-1415-4534-848F-E4770E06EE66}
		{99D4A512-BEAD-4635-A024-5D91DADB5980} = {7FF0949D-6995-4D2B-AE5A-866A1123FAF6}
		{14FD9637-6542-4C23-98D3-3A0B3FEE1162} = {99D4A512-BEAD-4635-A024-5D91DADB5980}
		{8C8E63CD-4C69-4F96-9D4A-42E068DE994C} = {7FF0949D-6995-4D2B-AE5A-866A1123FAF6}
		{B47DFFE4-980B-4010-B11A-FB57BA55C12E} = {8C8E63CD-4C69-4F96-9D4A-42E068DE994C}
		{32E6DFDB-CE99-44A7-8B05-0AFD8DBD4A34} = {7FF0949D-6995-4D2B-AE5A-866A1123FAF6}
		{DD6B4746-5609-404F-A388-727655F114B7} = {32E6DFDB-CE99-44A7-8B05-0AFD8DBD4A34}
		{C7A7A034-50BC-4CB2-A280-ECCB0AA43CD1} = {7FF0949D-6995-4D2B-AE5A-866A1123FAF6}
		{1A2BF060-4B39-4F6B-BAB4-2499E72AA778} = {C7A7A034-50BC-4CB2-A280-ECCB0AA43CD1}
	EndGlobalSection
	GlobalSection(ExtensibilityGlobals) = postSolution
		SolutionGuid = {2359E42F-705C-49DA-992A-C3B58A1ACA79}
	EndGlobalSection
EndGlobal
